
Microsoft Visual Studio Solution File, Format Version 12.00
# Visual Studio Version 17
VisualStudioVersion = 17.6.33829.357
MinimumVisualStudioVersion = 10.0.40219.1
Project("{888888A0-9F3D-457C-B088-3A5042F75D52}") = "SpringPractice2", "SpringPractice2\SpringPractice2.pyproj", "{749BA949-94A8-4650-A582-165C2D7D9315}"
EndProject
Global
	GlobalSection(SolutionConfigurationPlatforms) = preSolution
		Debug|Any CPU = Debug|Any CPU
		Release|Any CPU = Release|Any CPU
	EndGlobalSection
	GlobalSection(ProjectConfigurationPlatforms) = postSolution
		{749BA949-94A8-4650-A582-165C2D7D9315}.Debug|Any CPU.ActiveCfg = Debug|Any CPU
		{749BA949-94A8-4650-A582-165C2D7D9315}.Release|Any CPU.ActiveCfg = Release|Any CPU
	EndGlobalSection
	GlobalSection(SolutionProperties) = preSolution
		HideSolutionNode = FALSE
	EndGlobalSection
	GlobalSection(ExtensibilityGlobals) = postSolution
		SolutionGuid = {6292CACC-6F92-436E-A94A-CCA1317F5460}
	EndGlobalSection
EndGlobal
